
Microsoft Visual Studio Solution File, Format Version 12.00
# Visual Studio Version 17
VisualStudioVersion = 17.14.36623.8 d17.14
MinimumVisualStudioVersion = 10.0.40219.1
Project("{FAE04EC0-301F-11D3-BF4B-00C04F79EFBC}") = "zad1", "zad1\zad1.csproj", "{7D355C30-134D-4850-81A3-3DB532F22D56}"
EndProject
Project("{FAE04EC0-301F-11D3-BF4B-00C04F79EFBC}") = "Data_Proj", "Data_Proj\Data_Proj.csproj", "{82AC3D5F-0A68-48B2-A863-30E2A7C13DFF}"
EndProject
Global
	GlobalSection(SolutionConfigurationPlatforms) = preSolution
		Debug|Any CPU = Debug|Any CPU
		Release|Any CPU = Release|Any CPU
	EndGlobalSection
	GlobalSection(ProjectConfigurationPlatforms) = postSolution
		{7D355C30-134D-4850-81A3-3DB532F22D56}.Debug|Any CPU.ActiveCfg = Debug|Any CPU
		{7D355C30-134D-4850-81A3-3DB532F22D56}.Debug|Any CPU.Build.0 = Debug|Any CPU
		{7D355C30-134D-4850-81A3-3DB532F22D56}.Release|Any CPU.ActiveCfg = Release|Any CPU
		{7D355C30-134D-4850-81A3-3DB532F22D56}.Release|Any CPU.Build.0 = Release|Any CPU
		{82AC3D5F-0A68-48B2-A863-30E2A7C13DFF}.Debug|Any CPU.ActiveCfg = Debug|Any CPU
		{82AC3D5F-0A68-48B2-A863-30E2A7C13DFF}.Debug|Any CPU.Build.0 = Debug|Any CPU
		{82AC3D5F-0A68-48B2-A863-30E2A7C13DFF}.Release|Any CPU.ActiveCfg = Release|Any CPU
		{82AC3D5F-0A68-48B2-A863-30E2A7C13DFF}.Release|Any CPU.Build.0 = Release|Any CPU
	EndGlobalSection
	GlobalSection(SolutionProperties) = preSolution
		HideSolutionNode = FALSE
	EndGlobalSection
	GlobalSection(ExtensibilityGlobals) = postSolution
		SolutionGuid = {695CD9C1-8D4D-4C5C-BBA7-47CEF7D271BA}
	EndGlobalSection
EndGlobal
